Microsoft Visual Studio Solution File, Format Version 12.00
# Visual Studio Version 17
VisualStudioVersion = 17.0.31903.59
MinimumVisualStudioVersion = 10.0.40219.1
Project("{1A83C64E-E4D9-4AEE-91CB-A47177867A93}") = "Project_5ff1667de2b44e8480064f1702f4e4fa_20250606142047338071", "Project_5ff1667de2b44e8480064f1702f4e4fa_20250606142047338071.csproj", "{1A83C64E-E4D9-4AEE-91CB-A47177867A93}"
EndProject
Global
    GlobalSection(SolutionConfigurationPlatforms) = preSolution
        Debug|Any CPU = Debug|Any CPU
        Release|Any CPU = Release|Any CPU
    EndGlobalSection
    GlobalSection(ProjectConfigurationPlatforms) = postSolution
        {1A83C64E-E4D9-4AEE-91CB-A47177867A93}.Debug|Any CPU.ActiveCfg = Debug|Any CPU
        {1A83C64E-E4D9-4AEE-91CB-A47177867A93}.Debug|Any CPU.Build.0 = Debug|Any CPU
        {1A83C64E-E4D9-4AEE-91CB-A47177867A93}.Release|Any CPU.ActiveCfg = Release|Any CPU
        {1A83C64E-E4D9-4AEE-91CB-A47177867A93}.Release|Any CPU.Build.0 = Release|Any CPU
    EndGlobalSection
EndGlobal